{
  "nodes": {
    "calligraphy": {
      "inputs": {
        "flake-utils": "flake-utils",
        "nixpkgs": [
          "nixpkgs"
        ]
      },
      "locked": {
        "lastModified": 1653064852,
        "narHash": "sha256-ur1plGAqV7QEcGv5KBAYxz59szMg0B2bB3Ap44AbKVA=",
        "owner": "jonascarpay",
        "repo": "calligraphy",
        "rev": "5bae4927c85c1afad46e1005c07312e1da3c880a",
        "type": "github"
      },
      "original": {
        "owner": "jonascarpay",
        "repo": "calligraphy",
        "type": "github"
      }
    },
    "flake-compat": {
      "flake": false,
      "locked": {
        "lastModified": 1641205782,
        "narHash": "sha256-4jY7RCWUoZ9cKD8co0/4tFARpWB+57+r1bLLvXNJliY=",
        "owner": "edolstra",
        "repo": "flake-compat",
        "rev": "b7547d3eed6f32d06102ead8991ec52ab0a4f1a7",
        "type": "github"
      },
      "original": {
        "owner": "edolstra",
        "repo": "flake-compat",
        "type": "github"
      }
    },
    "flake-utils": {
      "locked": {
        "lastModified": 1644229661,
        "narHash": "sha256-1YdnJAsNy69bpcjuoKdOYQX0YxZBiCYZo4Twxerqv7k=",
        "owner": "numtide",
        "repo": "flake-utils",
        "rev": "3cecb5b042f7f209c56ffd8371b2711a290ec797",
        "type": "github"
      },
      "original": {
        "owner": "numtide",
        "repo": "flake-utils",
        "type": "github"
      }
    },
    "flake-utils_2": {
      "locked": {
        "lastModified": 1652372896,
        "narHash": "sha256-lURGussfF3mGrFPQT3zgW7+RC0pBhbHzco0C7I+ilow=",
        "owner": "numtide",
        "repo": "flake-utils",
        "rev": "0d347c56f6f41de822a4f4c7ff5072f3382db121",
        "type": "github"
      },
      "original": {
        "owner": "numtide",
        "repo": "flake-utils",
        "type": "github"
      }
    },
    "flake-utils_3": {
      "locked": {
        "lastModified": 1642700792,
        "narHash": "sha256-XqHrk7hFb+zBvRg6Ghl+AZDq03ov6OshJLiSWOoX5es=",
        "owner": "numtide",
        "repo": "flake-utils",
        "rev": "846b2ae0fc4cc943637d3d1def4454213e203cba",
        "type": "github"
      },
      "original": {
        "owner": "numtide",
        "repo": "flake-utils",
        "type": "github"
      }
    },
    "hspkgs": {
      "inputs": {
        "nixpkgs": "nixpkgs"
      },
      "locked": {
        "lastModified": 1660329321,
        "narHash": "sha256-AKy1dY4ua/PIIhPmXTJKyxrIEzTIw5sj+mTB6uzRfWM=",
        "owner": "podenv",
        "repo": "hspkgs",
        "rev": "cc4beb99e1c29a6109a1867c0c3f178b2b27c34c",
        "type": "github"
      },
      "original": {
        "owner": "podenv",
        "repo": "hspkgs",
        "rev": "cc4beb99e1c29a6109a1867c0c3f178b2b27c34c",
        "type": "github"
      }
    },
    "nixpkgs": {
      "locked": {
        "lastModified": 1659891956,
        "narHash": "sha256-ymyDKkXQs5Z9+ezMutHmnDqztYmDTFZEsFuaPeBzkMI=",
        "owner": "NixOS",
        "repo": "nixpkgs",
        "rev": "00d73d5385b63e868bd11282fb775f6fe4921fb5",
        "type": "github"
      },
      "original": {
        "owner": "NixOS",
        "repo": "nixpkgs",
        "rev": "00d73d5385b63e868bd11282fb775f6fe4921fb5",
        "type": "github"
      }
    },
    "nixpkgs_2": {
      "locked": {
        "lastModified": 1652483617,
        "narHash": "sha256-Jxyn3uXFr5LdZNNiippI/obtLXAVBM18uVfiKVP4j9Q=",
        "owner": "NixOS",
        "repo": "nixpkgs",
        "rev": "ed014c27f4d0ca772fb57d3b8985b772b0503bbd",
        "type": "github"
      },
      "original": {
        "owner": "NixOS",
        "repo": "nixpkgs",
        "type": "github"
      }
    },
    "root": {
      "inputs": {
        "calligraphy": "calligraphy",
        "flake-utils": "flake-utils_2",
        "hspkgs": "hspkgs",
        "nixpkgs": "nixpkgs_2",
        "tailwind": "tailwind"
      }
    },
    "tailwind": {
      "inputs": {
        "flake-compat": "flake-compat",
        "flake-utils": "flake-utils_3",
        "nixpkgs": [
          "nixpkgs"
        ]
      },
      "locked": {
        "lastModified": 1649519562,
        "narHash": "sha256-IVZ4D7JkSCn0sjeTw5b0s2TTIU+g4hk78u1znXY4JjQ=",
        "owner": "srid",
        "repo": "tailwind-haskell",
        "rev": "f5bfc15da3ee6e74a077579fb10269bb450fa5cb",
        "type": "github"
      },
      "original": {
        "owner": "srid",
        "repo": "tailwind-haskell",
        "type": "github"
      }
    }
  },
  "root": "root",
  "version": 7
}
