{
  "nodes": {
    "flake-compat": {
      "flake": false,
      "locked": {
        "lastModified": 1641205782,
        "narHash": "sha256-4jY7RCWUoZ9cKD8co0/4tFARpWB+57+r1bLLvXNJliY=",
        "owner": "edolstra",
        "repo": "flake-compat",
        "rev": "b7547d3eed6f32d06102ead8991ec52ab0a4f1a7",
        "type": "github"
      },
      "original": {
        "owner": "edolstra",
        "repo": "flake-compat",
        "type": "github"
      }
    },
    "flake-utils": {
      "locked": {
        "lastModified": 1652372896,
        "narHash": "sha256-lURGussfF3mGrFPQT3zgW7+RC0pBhbHzco0C7I+ilow=",
        "owner": "numtide",
        "repo": "flake-utils",
        "rev": "0d347c56f6f41de822a4f4c7ff5072f3382db121",
        "type": "github"
      },
      "original": {
        "owner": "numtide",
        "repo": "flake-utils",
        "type": "github"
      }
    },
    "flake-utils_2": {
      "locked": {
        "lastModified": 1642700792,
        "narHash": "sha256-XqHrk7hFb+zBvRg6Ghl+AZDq03ov6OshJLiSWOoX5es=",
        "owner": "numtide",
        "repo": "flake-utils",
        "rev": "846b2ae0fc4cc943637d3d1def4454213e203cba",
        "type": "github"
      },
      "original": {
        "owner": "numtide",
        "repo": "flake-utils",
        "type": "github"
      }
    },
    "hspkgs": {
      "inputs": {
        "nixpkgs": "nixpkgs"
      },
      "locked": {
        "lastModified": 1692891447,
        "narHash": "sha256-rsaURuvBjPFmxA0OKtJ19eiHGkusgzgVcIX8eHzU9bw=",
        "owner": "podenv",
        "repo": "hspkgs",
        "rev": "286d957e295f231de917921e4b9cfb835db0b6d9",
        "type": "github"
      },
      "original": {
        "owner": "podenv",
        "repo": "hspkgs",
        "rev": "286d957e295f231de917921e4b9cfb835db0b6d9",
        "type": "github"
      }
    },
    "nixpkgs": {
      "locked": {
        "lastModified": 1691280800,
        "narHash": "sha256-/0CqbbXO5qfyZ2DgyLIYGP7wT3ONNE3gtiE5gYG9zXE=",
        "owner": "NixOS",
        "repo": "nixpkgs",
        "rev": "e365e1db48d060b3e31b02ec8177f66f386f39b8",
        "type": "github"
      },
      "original": {
        "owner": "NixOS",
        "repo": "nixpkgs",
        "rev": "e365e1db48d060b3e31b02ec8177f66f386f39b8",
        "type": "github"
      }
    },
    "nixpkgs_2": {
      "locked": {
        "lastModified": 1652483617,
        "narHash": "sha256-Jxyn3uXFr5LdZNNiippI/obtLXAVBM18uVfiKVP4j9Q=",
        "owner": "NixOS",
        "repo": "nixpkgs",
        "rev": "ed014c27f4d0ca772fb57d3b8985b772b0503bbd",
        "type": "github"
      },
      "original": {
        "owner": "NixOS",
        "repo": "nixpkgs",
        "type": "github"
      }
    },
    "root": {
      "inputs": {
        "flake-utils": "flake-utils",
        "hspkgs": "hspkgs",
        "nixpkgs": "nixpkgs_2",
        "tailwind": "tailwind"
      }
    },
    "tailwind": {
      "inputs": {
        "flake-compat": "flake-compat",
        "flake-utils": "flake-utils_2",
        "nixpkgs": [
          "nixpkgs"
        ]
      },
      "locked": {
        "lastModified": 1649519562,
        "narHash": "sha256-IVZ4D7JkSCn0sjeTw5b0s2TTIU+g4hk78u1znXY4JjQ=",
        "owner": "srid",
        "repo": "tailwind-haskell",
        "rev": "f5bfc15da3ee6e74a077579fb10269bb450fa5cb",
        "type": "github"
      },
      "original": {
        "owner": "srid",
        "repo": "tailwind-haskell",
        "type": "github"
      }
    }
  },
  "root": "root",
  "version": 7
}
